// !$*UTF8*$!
{
	archiveVersion = 1;
	classes = {
	};
	objectVersion = 56;
	objects = {

/* Begin PBXBuildFile section */
		18577E062C86E4D7001C3301 /* MarkMakerApp.swift in Sources */ = {isa = PBXBuildFile; fileRef = 18577E052C86E4D7001C3301 /* MarkMakerApp.swift */; };
		18577E082C86E4D7001C3301 /* ContentView.swift in Sources */ = {isa = PBXBuildFile; fileRef = 18577E072C86E4D7001C3301 /* ContentView.swift */; };
		18577E0A2C86E4D9001C3301 /* Assets.xcassets in Resources */ = {isa = PBXBuildFile; fileRef = 18577E092C86E4D9001C3301 /* Assets.xcassets */; };
		18577E0D2C86E4D9001C3301 /* Preview Assets.xcassets in Resources */ = {isa = PBXBuildFile; fileRef = 18577E0C2C86E4D9001C3301 /* Preview Assets.xcassets */; };
		18577E142C86F6D6001C3301 /* LogoImageView.swift in Sources */ = {isa = PBXBuildFile; fileRef = 18577E132C86F6D6001C3301 /* LogoImageView.swift */; };
		18577E162C86F6E6001C3301 /* TextAndArrowImageView.swift in Sources */ = {isa = PBXBuildFile; fileRef = 18577E152C86F6E6001C3301 /* TextAndArrowImageView.swift */; };
		18577E182C86F704001C3301 /* QRCodeView.swift in Sources */ = {isa = PBXBuildFile; fileRef = 18577E172C86F704001C3301 /* QRCodeView.swift */; };
		18577E1A2C86F71B001C3301 /* GridView.swift in Sources */ = {isa = PBXBuildFile; fileRef = 18577E192C86F71B001C3301 /* GridView.swift */; };
		18577E1C2C86F7D3001C3301 /* ImagePicker.swift in Sources */ = {isa = PBXBuildFile; fileRef = 18577E1B2C86F7D3001C3301 /* ImagePicker.swift */; };
/* End PBXBuildFile section */

/* Begin PBXFileReference section */
		18577E022C86E4D7001C3301 /* MarkMaker.app */ = {isa = PBXFileReference; explicitFileType = wrapper.application; includeInIndex = 0; path = MarkMaker.app; sourceTree = BUILT_PRODUCTS_DIR; };
		18577E052C86E4D7001C3301 /* MarkMakerApp.swift */ = {isa = PBXFileReference; lastKnownFileType = sourcecode.swift; path = MarkMakerApp.swift; sourceTree = "<group>"; };
		18577E072C86E4D7001C3301 /* ContentView.swift */ = {isa = PBXFileReference; lastKnownFileType = sourcecode.swift; path = ContentView.swift; sourceTree = "<group>"; };
		18577E092C86E4D9001C3301 /* Assets.xcassets */ = {isa = PBXFileReference; lastKnownFileType = folder.assetcatalog; path = Assets.xcassets; sourceTree = "<group>"; };
		18577E0C2C86E4D9001C3301 /* Preview Assets.xcassets */ = {isa = PBXFileReference; lastKnownFileType = folder.assetcatalog; path = "Preview Assets.xcassets"; sourceTree = "<group>"; };
		18577E132C86F6D6001C3301 /* LogoImageView.swift */ = {isa = PBXFileReference; lastKnownFileType = sourcecode.swift; path = LogoImageView.swift; sourceTree = "<group>"; };
		18577E152C86F6E6001C3301 /* TextAndArrowImageView.swift */ = {isa = PBXFileReference; lastKnownFileType = sourcecode.swift; path = TextAndArrowImageView.swift; sourceTree = "<group>"; };
		18577E172C86F704001C3301 /* QRCodeView.swift */ = {isa = PBXFileReference; lastKnownFileType = sourcecode.swift; path = QRCodeView.swift; sourceTree = "<group>"; };
		18577E192C86F71B001C3301 /* GridView.swift */ = {isa = PBXFileReference; lastKnownFileType = sourcecode.swift; path = GridView.swift; sourceTree = "<group>"; };
		18577E1B2C86F7D3001C3301 /* ImagePicker.swift */ = {isa = PBXFileReference; lastKnownFileType = sourcecode.swift; path = ImagePicker.swift; sourceTree = "<group>"; };
/* End PBXFileReference section */

/* Begin PBXFrameworksBuildPhase section */
		18577DFF2C86E4D7001C3301 /* Frameworks */ = {
			isa = PBXFrameworksBuildPhase;
			buildActionMask = 2147483647;
			files = (
			);
			runOnlyForDeploymentPostprocessing = 0;
		};
/* End PBXFrameworksBuildPhase section */

/* Begin PBXGroup section */
		18577DF92C86E4D7001C3301 = {
			isa = PBXGroup;
			children = (
				18577E042C86E4D7001C3301 /* MarkMaker */,
				18577E032C86E4D7001C3301 /* Products */,
			);
			sourceTree = "<group>";
		};
		18577E032C86E4D7001C3301 /* Products */ = {
			isa = PBXGroup;
			children = (
				18577E022C86E4D7001C3301 /* MarkMaker.app */,
			);
			name = Products;
			sourceTree = "<group>";
		};
		18577E042C86E4D7001C3301 /* MarkMaker */ = {
			isa = PBXGroup;
			children = (
				18577E052C86E4D7001C3301 /* MarkMakerApp.swift */,
				18577E072C86E4D7001C3301 /* ContentView.swift */,
				18577E132C86F6D6001C3301 /* LogoImageView.swift */,
				18577E152C86F6E6001C3301 /* TextAndArrowImageView.swift */,
				18577E172C86F704001C3301 /* QRCodeView.swift */,
				18577E192C86F71B001C3301 /* GridView.swift */,
				18577E1B2C86F7D3001C3301 /* ImagePicker.swift */,
				18577E092C86E4D9001C3301 /* Assets.xcassets */,
				18577E0B2C86E4D9001C3301 /* Preview Content */,
			);
			path = MarkMaker;
			sourceTree = "<group>";
		};
		18577E0B2C86E4D9001C3301 /* Preview Content */ = {
			isa = PBXGroup;
			children = (
				18577E0C2C86E4D9001C3301 /* Preview Assets.xcassets */,
			);
			path = "Preview Content";
			sourceTree = "<group>";
		};
/* End PBXGroup section */

/* Begin PBXNativeTarget section */
		18577E012C86E4D7001C3301 /* MarkMaker */ = {
			isa = PBXNativeTarget;
			buildConfigurationList = 18577E102C86E4D9001C3301 /* Build configuration list for PBXNativeTarget "MarkMaker" */;
			buildPhases = (
				18577DFE2C86E4D7001C3301 /* Sources */,
				18577DFF2C86E4D7001C3301 /* Frameworks */,
				18577E002C86E4D7001C3301 /* Resources */,
			);
			buildRules = (
			);
			dependencies = (
			);
			name = MarkMaker;
			productName = MarkMaker;
			productReference = 18577E022C86E4D7001C3301 /* MarkMaker.app */;
			productType = "com.apple.product-type.application";
		};
/* End PBXNativeTarget section */

/* Begin PBXProject section */
		18577DFA2C86E4D7001C3301 /* Project object */ = {
			isa = PBXProject;
			attributes = {
				BuildIndependentTargetsInParallel = 1;
				LastSwiftUpdateCheck = 1540;
				LastUpgradeCheck = 1540;
				TargetAttributes = {
					18577E012C86E4D7001C3301 = {
						CreatedOnToolsVersion = 15.4;
					};
				};
			};
			buildConfigurationList = 18577DFD2C86E4D7001C3301 /* Build configuration list for PBXProject "MarkMaker" */;
			compatibilityVersion = "Xcode 14.0";
			developmentRegion = en;
			hasScannedForEncodings = 0;
			knownRegions = (
				en,
				Base,
			);
			mainGroup = 18577DF92C86E4D7001C3301;
			productRefGroup = 18577E032C86E4D7001C3301 /* Products */;
			projectDirPath = "";
			projectRoot = "";
			targets = (
				18577E012C86E4D7001C3301 /* MarkMaker */,
			);
		};
/* End PBXProject section */

/* Begin PBXResourcesBuildPhase section */
		18577E002C86E4D7001C3301 /* Resources */ = {
			isa = PBXResourcesBuildPhase;
			buildActionMask = 2147483647;
			files = (
				18577E0D2C86E4D9001C3301 /* Preview Assets.xcassets in Resources */,
				18577E0A2C86E4D9001C3301 /* Assets.xcassets in Resources */,
			);
			runOnlyForDeploymentPostprocessing = 0;
		};
/* End PBXResourcesBuildPhase section */

/* Begin PBXSourcesBuildPhase section */
		18577DFE2C86E4D7001C3301 /* Sources */ = {
			isa = PBXSourcesBuildPhase;
			buildActionMask = 2147483647;
			files = (
				18577E142C86F6D6001C3301 /* LogoImageView.swift in Sources */,
				18577E082C86E4D7001C3301 /* ContentView.swift in Sources */,
				18577E182C86F704001C3301 /* QRCodeView.swift in Sources */,
				18577E1C2C86F7D3001C3301 /* ImagePicker.swift in Sources */,
				18577E062C86E4D7001C3301 /* MarkMakerApp.swift in Sources */,
				18577E1A2C86F71B001C3301 /* GridView.swift in Sources */,
				18577E162C86F6E6001C3301 /* TextAndArrowImageView.swift in Sources */,
			);
			runOnlyForDeploymentPostprocessing = 0;
		};
/* End PBXSourcesBuildPhase section */

/* Begin XCBuildConfiguration section */
		18577E0E2C86E4D9001C3301 /* Debug */ = {
			isa = XCBuildConfiguration;
			buildSettings = {
				ALWAYS_SEARCH_USER_PATHS = NO;
				ASSETCATALOG_COMPILER_GENERATE_SWIFT_ASSET_SYMBOL_EXTENSIONS = YES;
				CLANG_ANALYZER_NONNULL = YES;
				CLANG_ANALYZER_NUMBER_OBJECT_CONVERSION = YES_AGGRESSIVE;
				CLANG_CXX_LANGUAGE_STANDARD = "gnu++20";
				CLANG_ENABLE_MODULES = YES;
				CLANG_ENABLE_OBJC_ARC = YES;
				CLANG_ENABLE_OBJC_WEAK = YES;
				CLANG_WARN_BLOCK_CAPTURE_AUTORELEASING = YES;
				CLANG_WARN_BOOL_CONVERSION = YES;
				CLANG_WARN_COMMA = YES;
				CLANG_WARN_CONSTANT_CONVERSION = YES;
				CLANG_WARN_DEPRECATED_OBJC_IMPLEMENTATIONS = YES;
				CLANG_WARN_DIRECT_OBJC_ISA_USAGE = YES_ERROR;
				CLANG_WARN_DOCUMENTATION_COMMENTS = YES;
				CLANG_WARN_EMPTY_BODY = YES;
				CLANG_WARN_ENUM_CONVERSION = YES;
				CLANG_WARN_INFINITE_RECURSION = YES;
				CLANG_WARN_INT_CONVERSION = YES;
				CLANG_WARN_NON_LITERAL_NULL_CONVERSION = YES;
				CLANG_WARN_OBJC_IMPLICIT_RETAIN_SELF = YES;
				CLANG_WARN_OBJC_LITERAL_CONVERSION = YES;
				CLANG_WARN_OBJC_ROOT_CLASS = YES_ERROR;
				CLANG_WARN_QUOTED_INCLUDE_IN_FRAMEWORK_HEADER = YES;
				CLANG_WARN_RANGE_LOOP_ANALYSIS = YES;
				CLANG_WARN_STRICT_PROTOTYPES = YES;
				CLANG_WARN_SUSPICIOUS_MOVE = YES;
				CLANG_WARN_UNGUARDED_AVAILABILITY = YES_AGGRESSIVE;
				CLANG_WARN_UNREACHABLE_CODE = YES;
				CLANG_WARN__DUPLICATE_METHOD_MATCH = YES;
				COPY_PHASE_STRIP = NO;
				DEBUG_INFORMATION_FORMAT = dwarf;
				ENABLE_STRICT_OBJC_MSGSEND = YES;
				ENABLE_TESTABILITY = YES;
				ENABLE_USER_SCRIPT_SANDBOXING = YES;
				GCC_C_LANGUAGE_STANDARD = gnu17;
				GCC_DYNAMIC_NO_PIC = NO;
				GCC_NO_COMMON_BLOCKS = YES;
				GCC_OPTIMIZATION_LEVEL = 0;
				GCC_PREPROCESSOR_DEFINITIONS = (
					"DEBUG=1",
					"$(inherited)",
				);
				GCC_WARN_64_TO_32_BIT_CONVERSION = YES;
				GCC_WARN_ABOUT_RETURN_TYPE = YES_ERROR;
				GCC_WARN_UNDECLARED_SELECTOR = YES;
				GCC_WARN_UNINITIALIZED_AUTOS = YES_AGGRESSIVE;
				GCC_WARN_UNUSED_FUNCTION = YES;
				GCC_WARN_UNUSED_VARIABLE = YES;
				IPHONEOS_DEPLOYMENT_TARGET = 17.5;
				LOCALIZATION_PREFERS_STRING_CATALOGS = YES;
				MTL_ENABLE_DEBUG_INFO = INCLUDE_SOURCE;
				MTL_FAST_MATH = YES;
				ONLY_ACTIVE_ARCH = YES;
				SDKROOT = iphoneos;
				SWIFT_ACTIVE_COMPILATION_CONDITIONS = "DEBUG $(inherited)";
				SWIFT_OPTIMIZATION_LEVEL = "-Onone";
			};
			name = Debug;
		};
		18577E0F2C86E4D9001C3301 /* Release */ = {
			isa = XCBuildConfiguration;
			buildSettings = {
				ALWAYS_SEARCH_USER_PATHS = NO;
				ASSETCATALOG_COMPILER_GENERATE_SWIFT_ASSET_SYMBOL_EXTENSIONS = YES;
				CLANG_ANALYZER_NONNULL = YES;
				CLANG_ANALYZER_NUMBER_OBJECT_CONVERSION = YES_AGGRESSIVE;
				CLANG_CXX_LANGUAGE_STANDARD = "gnu++20";
				CLANG_ENABLE_MODULES = YES;
				CLANG_ENABLE_OBJC_ARC = YES;
				CLANG_ENABLE_OBJC_WEAK = YES;
				CLANG_WARN_BLOCK_CAPTURE_AUTORELEASING = YES;
				CLANG_WARN_BOOL_CONVERSION = YES;
				CLANG_WARN_COMMA = YES;
				CLANG_WARN_CONSTANT_CONVERSION = YES;
				CLANG_WARN_DEPRECATED_OBJC_IMPLEMENTATIONS = YES;
				CLANG_WARN_DIRECT_OBJC_ISA_USAGE = YES_ERROR;
				CLANG_WARN_DOCUMENTATION_COMMENTS = YES;
				CLANG_WARN_EMPTY_BODY = YES;
				CLANG_WARN_ENUM_CONVERSION = YES;
				CLANG_WARN_INFINITE_RECURSION = YES;
				CLANG_WARN_INT_CONVERSION = YES;
				CLANG_WARN_NON_LITERAL_NULL_CONVERSION = YES;
				CLANG_WARN_OBJC_IMPLICIT_RETAIN_SELF = YES;
				CLANG_WARN_OBJC_LITERAL_CONVERSION = YES;
				CLANG_WARN_OBJC_ROOT_CLASS = YES_ERROR;
				CLANG_WARN_QUOTED_INCLUDE_IN_FRAMEWORK_HEADER = YES;
				CLANG_WARN_RANGE_LOOP_ANALYSIS = YES;
				CLANG_WARN_STRICT_PROTOTYPES = YES;
				CLANG_WARN_SUSPICIOUS_MOVE = YES;
				CLANG_WARN_UNGUARDED_AVAILABILITY = YES_AGGRESSIVE;
				CLANG_WARN_UNREACHABLE_CODE = YES;
				CLANG_WARN__DUPLICATE_METHOD_MATCH = YES;
				COPY_PHASE_STRIP = NO;
				DEBUG_INFORMATION_FORMAT = "dwarf-with-dsym";
				ENABLE_NS_ASSERTIONS = NO;
				ENABLE_STRICT_OBJC_MSGSEND = YES;
				ENABLE_USER_SCRIPT_SANDBOXING = YES;
				GCC_C_LANGUAGE_STANDARD = gnu17;
				GCC_NO_COMMON_BLOCKS = YES;
				GCC_WARN_64_TO_32_BIT_CONVERSION = YES;
				GCC_WARN_ABOUT_RETURN_TYPE = YES_ERROR;
				GCC_WARN_UNDECLARED_SELECTOR = YES;
				GCC_WARN_UNINITIALIZED_AUTOS = YES_AGGRESSIVE;
				GCC_WARN_UNUSED_FUNCTION = YES;
				GCC_WARN_UNUSED_VARIABLE = YES;
				IPHONEOS_DEPLOYMENT_TARGET = 17.5;
				LOCALIZATION_PREFERS_STRING_CATALOGS = YES;
				MTL_ENABLE_DEBUG_INFO = NO;
				MTL_FAST_MATH = YES;
				SDKROOT = iphoneos;
				SWIFT_COMPILATION_MODE = wholemodule;
				VALIDATE_PRODUCT = YES;
			};
			name = Release;
		};
		18577E112C86E4D9001C3301 /* Debug */ = {
			isa = XCBuildConfiguration;
			buildSettings = {
				ASSETCATALOG_COMPILER_APPICON_NAME = AppIcon;
				ASSETCATALOG_COMPILER_GLOBAL_ACCENT_COLOR_NAME = AccentColor;
				CODE_SIGN_STYLE = Automatic;
				CURRENT_PROJECT_VERSION = 1;
				DEVELOPMENT_ASSET_PATHS = "\"MarkMaker/Preview Content\"";
				DEVELOPMENT_TEAM = 6TX36CBY88;
				ENABLE_PREVIEWS = YES;
				GENERATE_INFOPLIST_FILE = YES;
				INFOPLIST_KEY_NSCameraUsageDescription = "This app requires access to the camera to allow users to Scan QR code.";
				INFOPLIST_KEY_NSPhotoLibraryUsageDescription = "App need to access To download logo image in library!";
				INFOPLIST_KEY_UIApplicationSceneManifest_Generation = YES;
				INFOPLIST_KEY_UIApplicationSupportsIndirectInputEvents = YES;
				INFOPLIST_KEY_UILaunchScreen_Generation = YES;
				INFOPLIST_KEY_UISupportedInterfaceOrientations = UIInterfaceOrientationPortrait;
				INFOPLIST_KEY_UISupportedInterfaceOrientations_iPad = "UIInterfaceOrientationLandscapeLeft UIInterfaceOrientationLandscapeRight UIInterfaceOrientationPortrait UIInterfaceOrientationPortraitUpsideDown";
				INFOPLIST_KEY_UIUserInterfaceStyle = Light;
				IPHONEOS_DEPLOYMENT_TARGET = 16.0;
				LD_RUNPATH_SEARCH_PATHS = (
					"$(inherited)",
					"@executable_path/Frameworks",
				);
				MARKETING_VERSION = 1.0;
				PRODUCT_BUNDLE_IDENTIFIER = com.MarkMaker;
				PRODUCT_NAME = "$(TARGET_NAME)";
				SUPPORTED_PLATFORMS = "iphoneos iphonesimulator";
				SUPPORTS_MACCATALYST = NO;
				SWIFT_EMIT_LOC_STRINGS = YES;
				SWIFT_VERSION = 5.0;
				TARGETED_DEVICE_FAMILY = 1;
			};
			name = Debug;
		};
		18577E122C86E4D9001C3301 /* Release */ = {
			isa = XCBuildConfiguration;
			buildSettings = {
				ASSETCATALOG_COMPILER_APPICON_NAME = AppIcon;
				ASSETCATALOG_COMPILER_GLOBAL_ACCENT_COLOR_NAME = AccentColor;
				CODE_SIGN_STYLE = Automatic;
				CURRENT_PROJECT_VERSION = 1;
				DEVELOPMENT_ASSET_PATHS = "\"MarkMaker/Preview Content\"";
				DEVELOPMENT_TEAM = 6TX36CBY88;
				ENABLE_PREVIEWS = YES;
				GENERATE_INFOPLIST_FILE = YES;
				INFOPLIST_KEY_NSCameraUsageDescription = "This app requires access to the camera to allow users to Scan QR code.";
				INFOPLIST_KEY_NSPhotoLibraryUsageDescription = "App need to access To download logo image in library!";
				INFOPLIST_KEY_UIApplicationSceneManifest_Generation = YES;
				INFOPLIST_KEY_UIApplicationSupportsIndirectInputEvents = YES;
				INFOPLIST_KEY_UILaunchScreen_Generation = YES;
				INFOPLIST_KEY_UISupportedInterfaceOrientations = UIInterfaceOrientationPortrait;
				INFOPLIST_KEY_UISupportedInterfaceOrientations_iPad = "UIInterfaceOrientationLandscapeLeft UIInterfaceOrientationLandscapeRight UIInterfaceOrientationPortrait UIInterfaceOrientationPortraitUpsideDown";
				INFOPLIST_KEY_UIUserInterfaceStyle = Light;
				IPHONEOS_DEPLOYMENT_TARGET = 16.0;
				LD_RUNPATH_SEARCH_PATHS = (
					"$(inherited)",
					"@executable_path/Frameworks",
				);
				MARKETING_VERSION = 1.0;
				PRODUCT_BUNDLE_IDENTIFIER = com.MarkMaker;
				PRODUCT_NAME = "$(TARGET_NAME)";
				SUPPORTED_PLATFORMS = "iphoneos iphonesimulator";
				SUPPORTS_MACCATALYST = NO;
				SWIFT_EMIT_LOC_STRINGS = YES;
				SWIFT_VERSION = 5.0;
				TARGETED_DEVICE_FAMILY = 1;
			};
			name = Release;
		};
/* End XCBuildConfiguration section */

/* Begin XCConfigurationList section */
		18577DFD2C86E4D7001C3301 /* Build configuration list for PBXProject "MarkMaker" */ = {
			isa = XCConfigurationList;
			buildConfigurations = (
				18577E0E2C86E4D9001C3301 /* Debug */,
				18577E0F2C86E4D9001C3301 /* Release */,
			);
			defaultConfigurationIsVisible = 0;
			defaultConfigurationName = Release;
		};
		18577E102C86E4D9001C3301 /* Build configuration list for PBXNativeTarget "MarkMaker" */ = {
			isa = XCConfigurationList;
			buildConfigurations = (
				18577E112C86E4D9001C3301 /* Debug */,
				18577E122C86E4D9001C3301 /* Release */,
			);
			defaultConfigurationIsVisible = 0;
			defaultConfigurationName = Release;
		};
/* End XCConfigurationList section */
	};
	rootObject = 18577DFA2C86E4D7001C3301 /* Project object */;
}
